{
  "version": "5",
  "specifiers": {
    "npm:dayjs@1.11.10": "1.11.10",
    "npm:papaparse@5.4.1": "5.4.1"
  },
  "npm": {
    "dayjs@1.11.10": {
      "integrity": "sha512-vjAczensTgRcqDERK0SR2XMwsF/tSvnvlv6VcF2GIhg6Sx4yOIt/irsr1RDJsKiIyBzJDpCoXiWWq28MqH2cnQ=="
    },
    "papaparse@5.4.1": {
      "integrity": "sha512-HipMsgJkZu8br23pW15uvo6sib6wne/4woLZPlFf3rpDyMe9ywEXUsuD7+6K9PRkJlVT51j/sCOYDKGGS3ZJrw=="
    }
  },
  "redirects": {
    "https://esm.sh/@posthog/core@^1.50.0?target=denonext": "https://esm.sh/@posthog/core@1.54.0?target=denonext",
    "https://esm.sh/@supabase/functions-js@^2.1.5?target=denonext": "https://esm.sh/@supabase/functions-js@2.116.0?target=denonext",
    "https://esm.sh/@supabase/gotrue-js@^2.56.0?target=denonext": "https://esm.sh/@supabase/gotrue-js@2.116.0?target=denonext",
    "https://esm.sh/@supabase/node-fetch@^2.6.14?target=denonext": "https://esm.sh/@supabase/node-fetch@2.6.15?target=denonext",
    "https://esm.sh/@supabase/postgrest-js@^1.8.5?target=denonext": "https://esm.sh/@supabase/postgrest-js@1.21.4?target=denonext",
    "https://esm.sh/@supabase/realtime-js@^2.8.4?target=denonext": "https://esm.sh/@supabase/realtime-js@2.116.0?target=denonext",
    "https://esm.sh/@supabase/storage-js@^2.5.4?target=denonext": "https://esm.sh/@supabase/storage-js@2.116.0?target=denonext",
    "https://esm.sh/@types/express@~5.0.6/index.d.ts": "https://esm.sh/@types/express@5.0.6/index.d.ts",
    "https://esm.sh/iceberg-js@^0.8.1?target=denonext": "https://esm.sh/iceberg-js@0.8.1?target=denonext",
    "https://esm.sh/tr46@~0.0.3?target=denonext": "https://esm.sh/tr46@0.0.3?target=denonext",
    "https://esm.sh/webidl-conversions@^3.0.0?target=denonext": "https://esm.sh/webidl-conversions@3.0.1?target=denonext",
    "https://esm.sh/whatwg-url@^5.0.0?target=denonext": "https://esm.sh/whatwg-url@5.0.0?target=denonext"
  },
  "remote": {
    "https://deno.land/std@0.168.0/async/abortable.ts": "80b2ac399f142cc528f95a037a7d0e653296352d95c681e284533765961de409",
    "https://deno.land/std@0.168.0/async/deadline.ts": "2c2deb53c7c28ca1dda7a3ad81e70508b1ebc25db52559de6b8636c9278fd41f",
    "https://deno.land/std@0.168.0/async/debounce.ts": "60301ffb37e730cd2d6f9dadfd0ecb2a38857681bd7aaf6b0a106b06e5210a98",
    "https://deno.land/std@0.168.0/async/deferred.ts": "77d3f84255c3627f1cc88699d8472b664d7635990d5358c4351623e098e917d6",
    "https://deno.land/std@0.168.0/async/delay.ts": "5a9bfba8de38840308a7a33786a0155a7f6c1f7a859558ddcec5fe06e16daf57",
    "https://deno.land/std@0.168.0/async/mod.ts": "7809ad4bb223e40f5fdc043e5c7ca04e0e25eed35c32c3c32e28697c553fa6d9",
    "https://deno.land/std@0.168.0/async/mux_async_iterator.ts": "770a0ff26c59f8bbbda6b703a2235f04e379f73238e8d66a087edc68c2a2c35f",
    "https://deno.land/std@0.168.0/async/pool.ts": "6854d8cd675a74c73391c82005cbbe4cc58183bddcd1fbbd7c2bcda42b61cf69",
    "https://deno.land/std@0.168.0/async/retry.ts": "e8e5173623915bbc0ddc537698fa418cf875456c347eda1ed453528645b42e67",
    "https://deno.land/std@0.168.0/async/tee.ts": "3a47cc4e9a940904fd4341f0224907e199121c80b831faa5ec2b054c6d2eff5e",
    "https://deno.land/std@0.168.0/http/server.ts": "e99c1bee8a3f6571ee4cdeb2966efad465b8f6fe62bec1bdb59c1f007cc4d155",
    "https://deno.land/std@0.224.0/assert/_constants.ts": "a271e8ef5a573f1df8e822a6eb9d09df064ad66a4390f21b3e31f820a38e0975",
    "https://deno.land/std@0.224.0/assert/assert.ts": "09d30564c09de846855b7b071e62b5974b001bb72a4b797958fe0660e7849834",
    "https://deno.land/std@0.224.0/assert/assert_almost_equals.ts": "9e416114322012c9a21fa68e187637ce2d7df25bcbdbfd957cd639e65d3cf293",
    "https://deno.land/std@0.224.0/assert/assert_array_includes.ts": "14c5094471bc8e4a7895fc6aa5a184300d8a1879606574cb1cd715ef36a4a3c7",
    "https://deno.land/std@0.224.0/assert/assert_equals.ts": "3bbca947d85b9d374a108687b1a8ba3785a7850436b5a8930d81f34a32cb8c74",
    "https://deno.land/std@0.224.0/assert/assert_exists.ts": "43420cf7f956748ae6ed1230646567b3593cb7a36c5a5327269279c870c5ddfd",
    "https://deno.land/std@0.224.0/assert/assert_false.ts": "3e9be8e33275db00d952e9acb0cd29481a44fa0a4af6d37239ff58d79e8edeff",
    "https://deno.land/std@0.224.0/assert/assert_greater.ts": "5e57b201fd51b64ced36c828e3dfd773412c1a6120c1a5a99066c9b261974e46",
    "https://deno.land/std@0.224.0/assert/assert_greater_or_equal.ts": "9870030f997a08361b6f63400273c2fb1856f5db86c0c3852aab2a002e425c5b",
    "https://deno.land/std@0.224.0/assert/assert_instance_of.ts": "e22343c1fdcacfaea8f37784ad782683ec1cf599ae9b1b618954e9c22f376f2c",
    "https://deno.land/std@0.224.0/assert/assert_is_error.ts": "f856b3bc978a7aa6a601f3fec6603491ab6255118afa6baa84b04426dd3cc491",
    "https://deno.land/std@0.224.0/assert/assert_less.ts": "60b61e13a1982865a72726a5fa86c24fad7eb27c3c08b13883fb68882b307f68",
    "https://deno.land/std@0.224.0/assert/assert_less_or_equal.ts": "d2c84e17faba4afe085e6c9123a63395accf4f9e00150db899c46e67420e0ec3",
    "https://deno.land/std@0.224.0/assert/assert_match.ts": "ace1710dd3b2811c391946954234b5da910c5665aed817943d086d4d4871a8b7",
    "https://deno.land/std@0.224.0/assert/assert_not_equals.ts": "78d45dd46133d76ce624b2c6c09392f6110f0df9b73f911d20208a68dee2ef29",
    "https://deno.land/std@0.224.0/assert/assert_not_instance_of.ts": "3434a669b4d20cdcc5359779301a0588f941ffdc2ad68803c31eabdb4890cf7a",
    "https://deno.land/std@0.224.0/assert/assert_not_match.ts": "df30417240aa2d35b1ea44df7e541991348a063d9ee823430e0b58079a72242a",
    "https://deno.land/std@0.224.0/assert/assert_not_strict_equals.ts": "37f73880bd672709373d6dc2c5f148691119bed161f3020fff3548a0496f71b8",
    "https://deno.land/std@0.224.0/assert/assert_object_match.ts": "411450fd194fdaabc0089ae68f916b545a49d7b7e6d0026e84a54c9e7eed2693",
    "https://deno.land/std@0.224.0/assert/assert_rejects.ts": "4bee1d6d565a5b623146a14668da8f9eb1f026a4f338bbf92b37e43e0aa53c31",
    "https://deno.land/std@0.224.0/assert/assert_strict_equals.ts": "b4f45f0fd2e54d9029171876bd0b42dd9ed0efd8f853ab92a3f50127acfa54f5",
    "https://deno.land/std@0.224.0/assert/assert_string_includes.ts": "496b9ecad84deab72c8718735373feb6cdaa071eb91a98206f6f3cb4285e71b8",
    "https://deno.land/std@0.224.0/assert/assert_throws.ts": "c6508b2879d465898dab2798009299867e67c570d7d34c90a2d235e4553906eb",
    "https://deno.land/std@0.224.0/assert/assertion_error.ts": "ba8752bd27ebc51f723702fac2f54d3e94447598f54264a6653d6413738a8917",
    "https://deno.land/std@0.224.0/assert/equal.ts": "bddf07bb5fc718e10bb72d5dc2c36c1ce5a8bdd3b647069b6319e07af181ac47",
    "https://deno.land/std@0.224.0/assert/fail.ts": "0eba674ffb47dff083f02ced76d5130460bff1a9a68c6514ebe0cdea4abadb68",
    "https://deno.land/std@0.224.0/assert/mod.ts": "48b8cb8a619ea0b7958ad7ee9376500fe902284bb36f0e32c598c3dc34cbd6f3",
    "https://deno.land/std@0.224.0/assert/unimplemented.ts": "8c55a5793e9147b4f1ef68cd66496b7d5ba7a9e7ca30c6da070c1a58da723d73",
    "https://deno.land/std@0.224.0/assert/unreachable.ts": "5ae3dbf63ef988615b93eb08d395dda771c96546565f9e521ed86f6510c29e19",
    "https://deno.land/std@0.224.0/fmt/colors.ts": "508563c0659dd7198ba4bbf87e97f654af3c34eb56ba790260f252ad8012e1c5",
    "https://deno.land/std@0.224.0/internal/diff.ts": "6234a4b493ebe65dc67a18a0eb97ef683626a1166a1906232ce186ae9f65f4e6",
    "https://deno.land/std@0.224.0/internal/format.ts": "0a98ee226fd3d43450245b1844b47003419d34d210fa989900861c79820d21c2",
    "https://deno.land/std@0.224.0/internal/mod.ts": "534125398c8e7426183e12dc255bb635d94e06d0f93c60a297723abe69d3b22e",
    "https://esm.sh/@posthog/core@1.54.0/denonext/core.mjs": "3e3afa958c2fd01b6ebf3a0c612de318dd8afb8c7c1561cca4296732aca64f09",
    "https://esm.sh/@posthog/core@1.54.0/denonext/dist/featureFlagUtils.mjs": "09c5cfa2edca958b2381fc91d206d0b52008d49a5d52e5972007a2fbb9b1feb0",
    "https://esm.sh/@posthog/core@1.54.0/denonext/dist/gzip.mjs": "1d5e3424db57e1bc402314f3d39dc6e72be9494ccad546876b4f3b3b2f227e4f",
    "https://esm.sh/@posthog/core@1.54.0/denonext/dist/posthog-core-stateless.mjs": "90de194e8fe30295277136b5059c4d6d2c1e8aea939334b52414aae87939ed3e",
    "https://esm.sh/@posthog/core@1.54.0/denonext/dist/posthog-core.mjs": "ac607b66e87040d086f80ef1eaeb1c7ea68f569122627ec17cc3e75efad6a4d8",
    "https://esm.sh/@posthog/core@1.54.0/denonext/dist/surveys/validation.mjs": "dc5e8bf3181252623a80a6fb9a65fbbc374800403872dd9f567dff4658498792",
    "https://esm.sh/@posthog/core@1.54.0/denonext/dist/types.mjs": "a6bb690019ade9488fb0fc5fa3810489464236df0c4ef707146841f935229aa5",
    "https://esm.sh/@posthog/core@1.54.0/denonext/dist/utils/json-utils.mjs": "3015765f69be146bd6122d97ed030ce4987df98e4fba9f7af2e78da461356bc7",
    "https://esm.sh/@posthog/core@1.54.0/denonext/dist/utils/retry-after.mjs": "b2d8f9416f2eb34795ddf0a44011116d8e4896695c729b49ce8dd472e49b9086",
    "https://esm.sh/@posthog/core@1.54.0/denonext/dist/utils/string-utils.mjs": "474e7f1abdeaee6158078b92d65039307a9038f22caf50e69b80737a2f6e5a28",
    "https://esm.sh/@posthog/core@1.54.0/denonext/dist/utils/type-utils.mjs": "03d8d03661395b1563753862ed7e98cfbd17558d19caa6fe47e94b1c167f0e9a",
    "https://esm.sh/@posthog/core@1.54.0/denonext/dist/vendor/uuidv7.mjs": "ee603e2e47e060b8b839c1e6f901c4683342fbdb1a1d77e636007fc100e4e594",
    "https://esm.sh/@posthog/core@1.54.0/denonext/error-tracking.mjs": "61549723e44dff3f16ca4e41e9927c19387f3c17655bc5f3925c8267ed3e65d6",
    "https://esm.sh/@posthog/core@1.54.0/denonext/utils.mjs": "2fbc0f964764446f311eccf3fe24a13c8cd4164cb0046fef5c1df14c3637d051",
    "https://esm.sh/@posthog/core@1.54.0?target=denonext": "a30b31533139c1f745482e615e8ea4ba2521ef0d9e93535893b4897da56dc42c",
    "https://esm.sh/@supabase/functions-js@2.116.0/denonext/functions-js.mjs": "b4563dfbefd52b36879757f8aee5adbeb8e57001672affcf09aea692842325c2",
    "https://esm.sh/@supabase/functions-js@2.116.0?target=denonext": "46404965479dab944a0370dc7f3b07de15421349d042b16689b5264dc77d843b",
    "https://esm.sh/@supabase/gotrue-js@2.116.0/denonext/gotrue-js.mjs": "2d8907c980069aa15f0915c1b054dbdf346d64266d23a3d31985445863b65d55",
    "https://esm.sh/@supabase/gotrue-js@2.116.0?target=denonext": "d8939322e4407a94d6204d842d0097a85cf7ce8444f3b6af6296cdd9051e73ca",
    "https://esm.sh/@supabase/node-fetch@2.6.15/denonext/node-fetch.mjs": "0bae9052231f4f6dbccc7234d05ea96923dbf967be12f402764580b6bf9f713d",
    "https://esm.sh/@supabase/node-fetch@2.6.15?target=denonext": "4d28c4ad97328403184353f68434f2b6973971507919e9150297413664919cf3",
    "https://esm.sh/@supabase/phoenix@0.4.5/denonext/phoenix.mjs": "40bd2a70829cd847848baac58e635bacd83fd62188f6624b44e2c295341004eb",
    "https://esm.sh/@supabase/postgrest-js@1.21.4/denonext/postgrest-js.mjs": "c3769b11ef02debc78ecf6ab4e152d3cf7dbd05bbbafeb72c160e76cc57cda3c",
    "https://esm.sh/@supabase/postgrest-js@1.21.4?target=denonext": "db2315bc0ff19690cd4239c5adb5f5787f5dea04955058ef1fca541d49555ed6",
    "https://esm.sh/@supabase/realtime-js@2.116.0/denonext/realtime-js.mjs": "c2aaa735183dcb94c62b43dfcb0c9e30ea1fd4c02ff16d77352a268ef5b3b897",
    "https://esm.sh/@supabase/realtime-js@2.116.0?target=denonext": "bf2bc308d1afc561f377d38d4328d4a5a3945d12240d97c2eeb2c780ff12686e",
    "https://esm.sh/@supabase/storage-js@2.116.0/denonext/storage-js.mjs": "9f9f67c3c6087ab28280eb378525665043658b157102d272026f294447bac8c0",
    "https://esm.sh/@supabase/storage-js@2.116.0?target=denonext": "0290e6740f2384249f381f86713332a9cdaffa8e02fa4db8cde560fd7f4c12df",
    "https://esm.sh/@supabase/supabase-js@2.38.4": "039569070c2e83c292b347c39879a10e76aac6079c166f2e2677453a7799e933",
    "https://esm.sh/@supabase/supabase-js@2.38.4/denonext/supabase-js.mjs": "c9a6b6de54aa47e98b836b90dd0f7dd292afc990762b2c84e77aca92e94d05ba",
    "https://esm.sh/iceberg-js@0.8.1/denonext/iceberg-js.mjs": "d839d81a2e3966500ca2cdd0c1cb458e9608bacfc91f7bb67a69b2e878dcdb4f",
    "https://esm.sh/iceberg-js@0.8.1?target=denonext": "58c849d7fe2bf4eca4a84eb501e83c161a7d8c34ca1bec15a962b3bec3062633",
    "https://esm.sh/posthog-node@5.51.5": "e349f6210db0c1a2c2f0c890c8964f3835a8d5bf70a1f4dc1debaadee5813cb4",
    "https://esm.sh/posthog-node@5.51.5/denonext/dist/client.mjs": "bf90298b7eeaa9ece94d87ea42e0c7e879a296a63d02afea588583c2f1637e65",
    "https://esm.sh/posthog-node@5.51.5/denonext/dist/exports.mjs": "43ad4e3b6231c25069ed4ea3fb06ea477b6c6474a7816bbf764b897d4c0b007c",
    "https://esm.sh/posthog-node@5.51.5/denonext/dist/extensions/error-tracking/index.mjs": "f23e43abb6846df647c1976bdb98ba1de1b8b8d59b7ca7563ce7e389d3735feb",
    "https://esm.sh/posthog-node@5.51.5/denonext/dist/extensions/tracing-headers.mjs": "1cae4508202b0898f9a1e645488ad70d84c00c9d06066fd8d40b13b91322dd6f",
    "https://esm.sh/posthog-node@5.51.5/denonext/dist/extensions/url-utils.mjs": "d155a5f31d8a9f8a459d2e594812b3f71b672f6ead5113eeba2e86feae4f0cb1",
    "https://esm.sh/posthog-node@5.51.5/denonext/dist/feature-flag-evaluations.mjs": "846ef3416ff8a1b130d389c2260321af4eee0806e06a4882bd23b42c03a9b93f",
    "https://esm.sh/posthog-node@5.51.5/denonext/dist/types.mjs": "68c237cf64d9554767d41e58d3d2749d1642e05f1c664f580abead5c0bb655d7",
    "https://esm.sh/posthog-node@5.51.5/denonext/posthog-node.mjs": "b806e10c755d80f833f83220fbdd406c96eceeca6dacba36687fef7b81f88e38",
    "https://esm.sh/tr46@0.0.3/denonext/tr46.mjs": "5753ec0a99414f4055f0c1f97691100f13d88e48a8443b00aebb90a512785fa2",
    "https://esm.sh/tr46@0.0.3?target=denonext": "19cb9be0f0d418a0c3abb81f2df31f080e9540a04e43b0f699bce1149cba0cbb",
    "https://esm.sh/tslib@2.8.1/denonext/tslib.mjs": "c38da5dd6da6281964435002ce204cd586634fe3bdfb24a0ee116f48cf3292e9",
    "https://esm.sh/webidl-conversions@3.0.1/denonext/webidl-conversions.mjs": "238cd0743827707cbc1c2d7c2cf1027dbc536fb53ec9a3fde0ff8026a3ac5385",
    "https://esm.sh/webidl-conversions@3.0.1?target=denonext": "4e20318d50528084616c79d7b3f6e7f0fe7b6d09013bd01b3974d7448d767e29",
    "https://esm.sh/whatwg-url@5.0.0/denonext/whatwg-url.mjs": "29b16d74ee72624c915745bbd25b617cfd2248c6af0f5120d131e232a9a9af79",
    "https://esm.sh/whatwg-url@5.0.0?target=denonext": "f001a2cadf81312d214ca330033f474e74d81a003e21e8c5d70a1f46dc97b02d"
  },
  "workspace": {
    "dependencies": [
      "npm:dayjs@1.11.10",
      "npm:papaparse@5.4.1"
    ]
  }
}
