{
  "version": "5",
  "redirects": {
    "https://esm.sh/@pdf-lib/standard-fonts@^1.0.0?target=denonext": "https://esm.sh/@pdf-lib/standard-fonts@1.0.0?target=denonext",
    "https://esm.sh/@pdf-lib/upng@^1.0.1?target=denonext": "https://esm.sh/@pdf-lib/upng@1.0.1?target=denonext",
    "https://esm.sh/@posthog/core@^1.50.0?target=denonext": "https://esm.sh/@posthog/core@1.50.2?target=denonext",
    "https://esm.sh/@supabase/functions-js@^2.1.5?target=denonext": "https://esm.sh/@supabase/functions-js@2.110.0?target=denonext",
    "https://esm.sh/@supabase/gotrue-js@^2.56.0?target=denonext": "https://esm.sh/@supabase/gotrue-js@2.108.2?target=denonext",
    "https://esm.sh/@supabase/node-fetch@^2.6.14?target=denonext": "https://esm.sh/@supabase/node-fetch@2.6.15?target=denonext",
    "https://esm.sh/@supabase/postgrest-js@^1.8.5?target=denonext": "https://esm.sh/@supabase/postgrest-js@1.21.4?target=denonext",
    "https://esm.sh/@supabase/realtime-js@^2.8.4?target=denonext": "https://esm.sh/@supabase/realtime-js@2.110.0?target=denonext",
    "https://esm.sh/@supabase/storage-js@^2.5.4?target=denonext": "https://esm.sh/@supabase/storage-js@2.110.0?target=denonext",
    "https://esm.sh/@supabase/supabase-js@2": "https://esm.sh/@supabase/supabase-js@2.110.0",
    "https://esm.sh/@types/express@~5.0.6/index.d.ts": "https://esm.sh/@types/express@5.0.6/index.d.ts",
    "https://esm.sh/@types/pako@~1.0.7/index.d.ts": "https://esm.sh/@types/pako@1.0.7/index.d.ts",
    "https://esm.sh/iceberg-js@^0.8.1?target=denonext": "https://esm.sh/iceberg-js@0.8.1?target=denonext",
    "https://esm.sh/pako@^1.0.10?target=denonext": "https://esm.sh/pako@1.0.11?target=denonext",
    "https://esm.sh/pako@^1.0.11?target=denonext": "https://esm.sh/pako@1.0.11?target=denonext",
    "https://esm.sh/pako@^1.0.6?target=denonext": "https://esm.sh/pako@1.0.11?target=denonext",
    "https://esm.sh/tr46@~0.0.3?target=denonext": "https://esm.sh/tr46@0.0.3?target=denonext",
    "https://esm.sh/tslib@^1.11.1?target=denonext": "https://esm.sh/tslib@1.14.1?target=denonext",
    "https://esm.sh/webidl-conversions@^3.0.0?target=denonext": "https://esm.sh/webidl-conversions@3.0.1?target=denonext",
    "https://esm.sh/whatwg-url@^5.0.0?target=denonext": "https://esm.sh/whatwg-url@5.0.0?target=denonext"
  },
  "remote": {
    "https://cdn.sheetjs.com/xlsx-0.20.3/package/xlsx.mjs": "1a0fb062ee9781b13f6687371b202aaefc53b6ce55b530c027e01f9c087b77db",
    "https://deno.land/std@0.168.0/async/abortable.ts": "80b2ac399f142cc528f95a037a7d0e653296352d95c681e284533765961de409",
    "https://deno.land/std@0.168.0/async/deadline.ts": "2c2deb53c7c28ca1dda7a3ad81e70508b1ebc25db52559de6b8636c9278fd41f",
    "https://deno.land/std@0.168.0/async/debounce.ts": "60301ffb37e730cd2d6f9dadfd0ecb2a38857681bd7aaf6b0a106b06e5210a98",
    "https://deno.land/std@0.168.0/async/deferred.ts": "77d3f84255c3627f1cc88699d8472b664d7635990d5358c4351623e098e917d6",
    "https://deno.land/std@0.168.0/async/delay.ts": "5a9bfba8de38840308a7a33786a0155a7f6c1f7a859558ddcec5fe06e16daf57",
    "https://deno.land/std@0.168.0/async/mod.ts": "7809ad4bb223e40f5fdc043e5c7ca04e0e25eed35c32c3c32e28697c553fa6d9",
    "https://deno.land/std@0.168.0/async/mux_async_iterator.ts": "770a0ff26c59f8bbbda6b703a2235f04e379f73238e8d66a087edc68c2a2c35f",
    "https://deno.land/std@0.168.0/async/pool.ts": "6854d8cd675a74c73391c82005cbbe4cc58183bddcd1fbbd7c2bcda42b61cf69",
    "https://deno.land/std@0.168.0/async/retry.ts": "e8e5173623915bbc0ddc537698fa418cf875456c347eda1ed453528645b42e67",
    "https://deno.land/std@0.168.0/async/tee.ts": "3a47cc4e9a940904fd4341f0224907e199121c80b831faa5ec2b054c6d2eff5e",
    "https://deno.land/std@0.168.0/http/server.ts": "e99c1bee8a3f6571ee4cdeb2966efad465b8f6fe62bec1bdb59c1f007cc4d155",
    "https://deno.land/std@0.208.0/assert/_constants.ts": "8a9da298c26750b28b326b297316cdde860bc237533b07e1337c021379e6b2a9",
    "https://deno.land/std@0.208.0/assert/_diff.ts": "58e1461cc61d8eb1eacbf2a010932bf6a05b79344b02ca38095f9b805795dc48",
    "https://deno.land/std@0.208.0/assert/_format.ts": "a69126e8a469009adf4cf2a50af889aca364c349797e63174884a52ff75cf4c7",
    "https://deno.land/std@0.208.0/assert/assert.ts": "9a97dad6d98c238938e7540736b826440ad8c1c1e54430ca4c4e623e585607ee",
    "https://deno.land/std@0.208.0/assert/assert_almost_equals.ts": "e15ca1f34d0d5e0afae63b3f5d975cbd18335a132e42b0c747d282f62ad2cd6c",
    "https://deno.land/std@0.208.0/assert/assert_array_includes.ts": "6856d7f2c3544bc6e62fb4646dfefa3d1df5ff14744d1bca19f0cbaf3b0d66c9",
    "https://deno.land/std@0.208.0/assert/assert_equals.ts": "d8ec8a22447fbaf2fc9d7c3ed2e66790fdb74beae3e482855d75782218d68227",
    "https://deno.land/std@0.208.0/assert/assert_exists.ts": "407cb6b9fb23a835cd8d5ad804e2e2edbbbf3870e322d53f79e1c7a512e2efd7",
    "https://deno.land/std@0.208.0/assert/assert_false.ts": "0ccbcaae910f52c857192ff16ea08bda40fdc79de80846c206bfc061e8c851c6",
    "https://deno.land/std@0.208.0/assert/assert_greater.ts": "ae2158a2d19313bf675bf7251d31c6dc52973edb12ac64ac8fc7064152af3e63",
    "https://deno.land/std@0.208.0/assert/assert_greater_or_equal.ts": "1439da5ebbe20855446cac50097ac78b9742abe8e9a43e7de1ce1426d556e89c",
    "https://deno.land/std@0.208.0/assert/assert_instance_of.ts": "3aedb3d8186e120812d2b3a5dea66a6e42bf8c57a8bd927645770bd21eea554c",
    "https://deno.land/std@0.208.0/assert/assert_is_error.ts": "c21113094a51a296ffaf036767d616a78a2ae5f9f7bbd464cd0197476498b94b",
    "https://deno.land/std@0.208.0/assert/assert_less.ts": "aec695db57db42ec3e2b62e97e1e93db0063f5a6ec133326cc290ff4b71b47e4",
    "https://deno.land/std@0.208.0/assert/assert_less_or_equal.ts": "5fa8b6a3ffa20fd0a05032fe7257bf985d207b85685fdbcd23651b70f928c848",
    "https://deno.land/std@0.208.0/assert/assert_match.ts": "c4083f80600bc190309903c95e397a7c9257ff8b5ae5c7ef91e834704e672e9b",
    "https://deno.land/std@0.208.0/assert/assert_not_equals.ts": "9f1acab95bd1f5fc9a1b17b8027d894509a745d91bac1718fdab51dc76831754",
    "https://deno.land/std@0.208.0/assert/assert_not_instance_of.ts": "0c14d3dfd9ab7a5276ed8ed0b18c703d79a3d106102077ec437bfe7ed912bd22",
    "https://deno.land/std@0.208.0/assert/assert_not_match.ts": "3796a5b0c57a1ce6c1c57883dd4286be13a26f715ea662318ab43a8491a13ab0",
    "https://deno.land/std@0.208.0/assert/assert_not_strict_equals.ts": "4cdef83df17488df555c8aac1f7f5ec2b84ad161b6d0645ccdbcc17654e80c99",
    "https://deno.land/std@0.208.0/assert/assert_object_match.ts": "d8fc2867cfd92eeacf9cea621e10336b666de1874a6767b5ec48988838370b54",
    "https://deno.land/std@0.208.0/assert/assert_rejects.ts": "45c59724de2701e3b1f67c391d6c71c392363635aad3f68a1b3408f9efca0057",
    "https://deno.land/std@0.208.0/assert/assert_strict_equals.ts": "b1f538a7ea5f8348aeca261d4f9ca603127c665e0f2bbfeb91fa272787c87265",
    "https://deno.land/std@0.208.0/assert/assert_string_includes.ts": "b821d39ebf5cb0200a348863c86d8c4c4b398e02012ce74ad15666fc4b631b0c",
    "https://deno.land/std@0.208.0/assert/assert_throws.ts": "63784e951475cb7bdfd59878cd25a0931e18f6dc32a6077c454b2cd94f4f4bcd",
    "https://deno.land/std@0.208.0/assert/assertion_error.ts": "4d0bde9b374dfbcbe8ac23f54f567b77024fb67dbb1906a852d67fe050d42f56",
    "https://deno.land/std@0.208.0/assert/equal.ts": "9f1a46d5993966d2596c44e5858eec821859b45f783a5ee2f7a695dfc12d8ece",
    "https://deno.land/std@0.208.0/assert/fail.ts": "c36353d7ae6e1f7933d45f8ea51e358c8c4b67d7e7502028598fe1fea062e278",
    "https://deno.land/std@0.208.0/assert/mod.ts": "37c49a26aae2b254bbe25723434dc28cd7532e444cf0b481a97c045d110ec085",
    "https://deno.land/std@0.208.0/assert/unimplemented.ts": "d56fbeecb1f108331a380f72e3e010a1f161baa6956fd0f7cf3e095ae1a4c75a",
    "https://deno.land/std@0.208.0/assert/unreachable.ts": "4600dc0baf7d9c15a7f7d234f00c23bca8f3eba8b140286aaca7aa998cf9a536",
    "https://deno.land/std@0.208.0/fmt/colors.ts": "34b3f77432925eb72cf0bfb351616949746768620b8e5ead66da532f93d10ba2",
    "https://deno.land/std@0.224.0/assert/_constants.ts": "a271e8ef5a573f1df8e822a6eb9d09df064ad66a4390f21b3e31f820a38e0975",
    "https://deno.land/std@0.224.0/assert/assert.ts": "09d30564c09de846855b7b071e62b5974b001bb72a4b797958fe0660e7849834",
    "https://deno.land/std@0.224.0/assert/assert_almost_equals.ts": "9e416114322012c9a21fa68e187637ce2d7df25bcbdbfd957cd639e65d3cf293",
    "https://deno.land/std@0.224.0/assert/assert_array_includes.ts": "14c5094471bc8e4a7895fc6aa5a184300d8a1879606574cb1cd715ef36a4a3c7",
    "https://deno.land/std@0.224.0/assert/assert_equals.ts": "3bbca947d85b9d374a108687b1a8ba3785a7850436b5a8930d81f34a32cb8c74",
    "https://deno.land/std@0.224.0/assert/assert_exists.ts": "43420cf7f956748ae6ed1230646567b3593cb7a36c5a5327269279c870c5ddfd",
    "https://deno.land/std@0.224.0/assert/assert_false.ts": "3e9be8e33275db00d952e9acb0cd29481a44fa0a4af6d37239ff58d79e8edeff",
    "https://deno.land/std@0.224.0/assert/assert_greater.ts": "5e57b201fd51b64ced36c828e3dfd773412c1a6120c1a5a99066c9b261974e46",
    "https://deno.land/std@0.224.0/assert/assert_greater_or_equal.ts": "9870030f997a08361b6f63400273c2fb1856f5db86c0c3852aab2a002e425c5b",
    "https://deno.land/std@0.224.0/assert/assert_instance_of.ts": "e22343c1fdcacfaea8f37784ad782683ec1cf599ae9b1b618954e9c22f376f2c",
    "https://deno.land/std@0.224.0/assert/assert_is_error.ts": "f856b3bc978a7aa6a601f3fec6603491ab6255118afa6baa84b04426dd3cc491",
    "https://deno.land/std@0.224.0/assert/assert_less.ts": "60b61e13a1982865a72726a5fa86c24fad7eb27c3c08b13883fb68882b307f68",
    "https://deno.land/std@0.224.0/assert/assert_less_or_equal.ts": "d2c84e17faba4afe085e6c9123a63395accf4f9e00150db899c46e67420e0ec3",
    "https://deno.land/std@0.224.0/assert/assert_match.ts": "ace1710dd3b2811c391946954234b5da910c5665aed817943d086d4d4871a8b7",
    "https://deno.land/std@0.224.0/assert/assert_not_equals.ts": "78d45dd46133d76ce624b2c6c09392f6110f0df9b73f911d20208a68dee2ef29",
    "https://deno.land/std@0.224.0/assert/assert_not_instance_of.ts": "3434a669b4d20cdcc5359779301a0588f941ffdc2ad68803c31eabdb4890cf7a",
    "https://deno.land/std@0.224.0/assert/assert_not_match.ts": "df30417240aa2d35b1ea44df7e541991348a063d9ee823430e0b58079a72242a",
    "https://deno.land/std@0.224.0/assert/assert_not_strict_equals.ts": "37f73880bd672709373d6dc2c5f148691119bed161f3020fff3548a0496f71b8",
    "https://deno.land/std@0.224.0/assert/assert_object_match.ts": "411450fd194fdaabc0089ae68f916b545a49d7b7e6d0026e84a54c9e7eed2693",
    "https://deno.land/std@0.224.0/assert/assert_rejects.ts": "4bee1d6d565a5b623146a14668da8f9eb1f026a4f338bbf92b37e43e0aa53c31",
    "https://deno.land/std@0.224.0/assert/assert_strict_equals.ts": "b4f45f0fd2e54d9029171876bd0b42dd9ed0efd8f853ab92a3f50127acfa54f5",
    "https://deno.land/std@0.224.0/assert/assert_string_includes.ts": "496b9ecad84deab72c8718735373feb6cdaa071eb91a98206f6f3cb4285e71b8",
    "https://deno.land/std@0.224.0/assert/assert_throws.ts": "c6508b2879d465898dab2798009299867e67c570d7d34c90a2d235e4553906eb",
    "https://deno.land/std@0.224.0/assert/assertion_error.ts": "ba8752bd27ebc51f723702fac2f54d3e94447598f54264a6653d6413738a8917",
    "https://deno.land/std@0.224.0/assert/equal.ts": "bddf07bb5fc718e10bb72d5dc2c36c1ce5a8bdd3b647069b6319e07af181ac47",
    "https://deno.land/std@0.224.0/assert/fail.ts": "0eba674ffb47dff083f02ced76d5130460bff1a9a68c6514ebe0cdea4abadb68",
    "https://deno.land/std@0.224.0/assert/mod.ts": "48b8cb8a619ea0b7958ad7ee9376500fe902284bb36f0e32c598c3dc34cbd6f3",
    "https://deno.land/std@0.224.0/assert/unimplemented.ts": "8c55a5793e9147b4f1ef68cd66496b7d5ba7a9e7ca30c6da070c1a58da723d73",
    "https://deno.land/std@0.224.0/assert/unreachable.ts": "5ae3dbf63ef988615b93eb08d395dda771c96546565f9e521ed86f6510c29e19",
    "https://deno.land/std@0.224.0/fmt/colors.ts": "508563c0659dd7198ba4bbf87e97f654af3c34eb56ba790260f252ad8012e1c5",
    "https://deno.land/std@0.224.0/internal/diff.ts": "6234a4b493ebe65dc67a18a0eb97ef683626a1166a1906232ce186ae9f65f4e6",
    "https://deno.land/std@0.224.0/internal/format.ts": "0a98ee226fd3d43450245b1844b47003419d34d210fa989900861c79820d21c2",
    "https://deno.land/std@0.224.0/internal/mod.ts": "534125398c8e7426183e12dc255bb635d94e06d0f93c60a297723abe69d3b22e",
    "https://deno.land/x/imagescript@1.3.0/ImageScript.js": "cf90773c966031edd781ed176c598f7ed495e7694cd9b86c986d2d97f783cca0",
    "https://deno.land/x/imagescript@1.3.0/mod.ts": "18a6cb83c55e690c873505f6fe867364c678afb64934fe7aef593a6b92f79995",
    "https://deno.land/x/imagescript@1.3.0/png/src/crc.mjs": "5cf50de181d61dd00e66a240d811018ba5070afa8bba302f393604404604de84",
    "https://deno.land/x/imagescript@1.3.0/png/src/mem.mjs": "4968d400dae069b4bf0ef4767c1802fd2cc7d15d90eda4cfadf5b4cd19b96c6d",
    "https://deno.land/x/imagescript@1.3.0/png/src/png.mjs": "96ef0ceff1b5a6cd9304749e5f187b4ab238509fb5f9a8be8ee934240271ed8d",
    "https://deno.land/x/imagescript@1.3.0/png/src/zlib.mjs": "9867dc3fab1d31b664f9344b0d7e977f493d9c912a76c760d012ed2b89f7061c",
    "https://deno.land/x/imagescript@1.3.0/utils/buffer.js": "952cb1beb8827e50a493a5d1f29a4845e8c648789406d389dd51f51205ba02d8",
    "https://deno.land/x/imagescript@1.3.0/utils/crc32.js": "573d6222b3605890714ebc374e687ec2aa3e9a949223ea199483e47ca4864f7d",
    "https://deno.land/x/imagescript@1.3.0/utils/png.js": "fbed9117e0a70602645d70df9c103ff6e79c03e987bd5c1685dcb4200729b6de",
    "https://deno.land/x/imagescript@1.3.0/utils/wasm/font.js": "9e75d842608c057045698d6a7cdf5ffd27241b5cdea0391c89a1917b31294524",
    "https://deno.land/x/imagescript@1.3.0/utils/wasm/gif.js": "8b86f7b96486bb8ff50fbc7c7487f86cb5cef85e6acd71e1def78a1aa2f12e4f",
    "https://deno.land/x/imagescript@1.3.0/utils/wasm/jpeg.js": "75295e2fcf96b4f7bb894b3844fdaa8140d63169d28b466b5d5be89d59a7b6e6",
    "https://deno.land/x/imagescript@1.3.0/utils/wasm/png.js": "0659536a8dd8f892c8346e268b2754b4414fad0ec1e9794dfcde1ba1c804ee02",
    "https://deno.land/x/imagescript@1.3.0/utils/wasm/svg.js": "f5c8a9d1977b51a7c07549ceb6bbbaca9497321a193f28b3dc229a42d91bcf14",
    "https://deno.land/x/imagescript@1.3.0/utils/wasm/tiff.js": "c2d7bdaef094df25aae1752e75167f485e89275d76a1379e39d8949580b7af4f",
    "https://deno.land/x/imagescript@1.3.0/utils/wasm/zlib.js": "749875f83abffe24d3b977475a0cbd5f9b52bee1fbdbef61ec183cbfc17805f6",
    "https://deno.land/x/imagescript@1.3.0/v2/framebuffer.mjs": "add44ff184636659714b3c6d4b896f628545451abffbc30b5bcc2e8d9a73d012",
    "https://deno.land/x/imagescript@1.3.0/v2/ops/blur.mjs": "80716f1ffab8a2aeb54a036f583bf51a2b9dd37e005adc000add803df8e8a12f",
    "https://deno.land/x/imagescript@1.3.0/v2/ops/color.mjs": "5e72cdcbf97dc939a2795223f01e3cb0544c0c56b03ea2aa026050df58348814",
    "https://deno.land/x/imagescript@1.3.0/v2/ops/crop.mjs": "69431fa6f687fd9f0c31eff0ec27d7ac925275005e53a37f0c3fab4cc4d9a9ea",
    "https://deno.land/x/imagescript@1.3.0/v2/ops/fill.mjs": "cf1b9488314753fbc9ebf03410ac74c2a34ea5a69fb6892cd6e8366cd1930d93",
    "https://deno.land/x/imagescript@1.3.0/v2/ops/flip.mjs": "825a34a66567dcf15e76a719f1bf2f66fb106503cd69942292b1b0ae05c5718e",
    "https://deno.land/x/imagescript@1.3.0/v2/ops/index.mjs": "423ba687119be2bba8cec72890577d3afa3621b6b8108912242fe937a183f2aa",
    "https://deno.land/x/imagescript@1.3.0/v2/ops/iterator.mjs": "c2adf3d90ce00719a02c48c97634574176a3501ff026676259bd71aa8f5d69b9",
    "https://deno.land/x/imagescript@1.3.0/v2/ops/overlay.mjs": "7e6e2c2ffd25006d52597ab8babc5f8f503d388a3fdf2fbc0eaea02799a020c9",
    "https://deno.land/x/imagescript@1.3.0/v2/ops/resize.mjs": "814e78ebce8eaf8f1f918688db7b52a141405e06a36ed4b25d04413d69e7d17b",
    "https://deno.land/x/imagescript@1.3.0/v2/ops/rotate.mjs": "a1b65616717bd2eed8db406affea3263b4674dada46b56441ef38167a187455d",
    "https://deno.land/x/imagescript@1.3.0/v2/util/mem.mjs": "4968d400dae069b4bf0ef4767c1802fd2cc7d15d90eda4cfadf5b4cd19b96c6d",
    "https://esm.sh/@pdf-lib/standard-fonts@1.0.0/denonext/standard-fonts.mjs": "708d496da295d425f227de54b24c0da9be34cd33f5635d9bdd355dc549b49988",
    "https://esm.sh/@pdf-lib/standard-fonts@1.0.0?target=denonext": "6831e71a173d549ea549bc8ca62160b5309cb77c41a4a34b04bc679c9bb390bf",
    "https://esm.sh/@pdf-lib/upng@1.0.1/denonext/upng.mjs": "725dab6b2d126a6cb418f24ed9bd0aa9400949cbbbe8dcb975241236fdfa2d0d",
    "https://esm.sh/@pdf-lib/upng@1.0.1?target=denonext": "0aa62a3f01d37283242d27853ae61c7e3b8e4504a80bf2f7e748efc43fb06b19",
    "https://esm.sh/@posthog/core@1.50.2/denonext/core.mjs": "3e6f53f27ff0000e273d5fdbddff6c307c05bfe3089466992040efa6dbf398ca",
    "https://esm.sh/@posthog/core@1.50.2/denonext/dist/featureFlagUtils.mjs": "adff00e3c6497d867b2f324741bccac5e6861e21825718d2831b392c2da08e37",
    "https://esm.sh/@posthog/core@1.50.2/denonext/dist/gzip.mjs": "22740fa5df82e89d1392c0749fff89f324c575abc4fd428f5a8a583bb98cb1c4",
    "https://esm.sh/@posthog/core@1.50.2/denonext/dist/posthog-core-stateless.mjs": "e17c2c1145a12d5686f05ad10059ff445e0d989c8df497fec7fa9e82010e8e46",
    "https://esm.sh/@posthog/core@1.50.2/denonext/dist/posthog-core.mjs": "a26e44b4b9e93d2c13c9a1db7ed52f233613c00fb791e8bc3132e5bac0cf05c7",
    "https://esm.sh/@posthog/core@1.50.2/denonext/dist/surveys/validation.mjs": "060681c9e556964ef639577d47eca962a0bc325d21bab011499675d7119a7262",
    "https://esm.sh/@posthog/core@1.50.2/denonext/dist/types.mjs": "7596110ecc54da8a81b37722c03ac06c46ba6620e2afdd45c64253507827ff62",
    "https://esm.sh/@posthog/core@1.50.2/denonext/dist/utils/json-utils.mjs": "aa11d33edda6b1a6a056e68b4ae80692e61140c44f0464d40a1f2fa3d83b41f4",
    "https://esm.sh/@posthog/core@1.50.2/denonext/dist/utils/string-utils.mjs": "0f7b24a6e2b9f0e4cb49510d52ff71dc631e00719c789485c96560b2bcd023b4",
    "https://esm.sh/@posthog/core@1.50.2/denonext/dist/utils/type-utils.mjs": "ecf74b0e013b86eccd293227c5e719d5af981e203de110e6101212bc542cdc4e",
    "https://esm.sh/@posthog/core@1.50.2/denonext/dist/vendor/uuidv7.mjs": "b05206e0eba50c10400bf959967b4a9e943eb7e1231315304f6a2c3a2655bce6",
    "https://esm.sh/@posthog/core@1.50.2/denonext/error-tracking.mjs": "d07c88dcd72499ece45a06ad0e78dc35d5eb6f12d83f4d1d22b10cace76abe83",
    "https://esm.sh/@posthog/core@1.50.2/denonext/utils.mjs": "afb372b6169cb7705b4534faa7424d45c932712fdb9fbb6d8068733e4355c5c9",
    "https://esm.sh/@posthog/core@1.50.2?target=denonext": "23b00749a910ee595d08f55f68b207e4ca44cc660cabbad80c4152c65dff656e",
    "https://esm.sh/@supabase/auth-js@2.110.0/denonext/auth-js.mjs": "9343a81cff9b86e6c51f173c9d6bd775791755648553520722a85ba59099f38f",
    "https://esm.sh/@supabase/functions-js@2.110.0/denonext/functions-js.mjs": "e34b2f3b958ab4b0339bc0e58781bb264d5387162e1094fad63b35b8746c835d",
    "https://esm.sh/@supabase/functions-js@2.110.0?target=denonext": "4a1babed025bf62fe4c5eb109a3854ef18484b1208cd016b505cef49ec427fe0",
    "https://esm.sh/@supabase/gotrue-js@2.108.2/denonext/gotrue-js.mjs": "682df1bd5131bf6c9d43353e3dcb3a95a03738de058c129d5541a157983c7caa",
    "https://esm.sh/@supabase/gotrue-js@2.108.2?target=denonext": "7233e6aae8e359320f1cd7e1c22b664c8df52726788e07cf72f1abf5cf857e49",
    "https://esm.sh/@supabase/node-fetch@2.6.15/denonext/node-fetch.mjs": "0bae9052231f4f6dbccc7234d05ea96923dbf967be12f402764580b6bf9f713d",
    "https://esm.sh/@supabase/node-fetch@2.6.15?target=denonext": "4d28c4ad97328403184353f68434f2b6973971507919e9150297413664919cf3",
    "https://esm.sh/@supabase/phoenix@0.4.4/denonext/phoenix.mjs": "2c4954292d10fd9137d66a1b7abd73bf24f9771a444c3d4e267b12e1e2b132c8",
    "https://esm.sh/@supabase/postgrest-js@1.21.4/denonext/postgrest-js.mjs": "c3769b11ef02debc78ecf6ab4e152d3cf7dbd05bbbafeb72c160e76cc57cda3c",
    "https://esm.sh/@supabase/postgrest-js@1.21.4?target=denonext": "db2315bc0ff19690cd4239c5adb5f5787f5dea04955058ef1fca541d49555ed6",
    "https://esm.sh/@supabase/postgrest-js@2.110.0/denonext/postgrest-js.mjs": "6ab3b6d6194d199b1319fd523142ccefc443be29e8280f1007c9917d83ba00e2",
    "https://esm.sh/@supabase/realtime-js@2.110.0/denonext/realtime-js.mjs": "300a4129865ad69c45d79e89963e357d003847fb707a5c88cfebf63030db2f2b",
    "https://esm.sh/@supabase/realtime-js@2.110.0?target=denonext": "69522e5bc8676e9280dd6b940900c7825496a6fac4d654cf23b1a36f91590f99",
    "https://esm.sh/@supabase/storage-js@2.110.0/denonext/storage-js.mjs": "1bf5f1363d7e019fb4e7ba41b3f00e4e338acec2379835591f8d4f5590e96a3a",
    "https://esm.sh/@supabase/storage-js@2.110.0?target=denonext": "1684abf119db04f465cbe2c33592f64559f0d5bfebb7a480009e83873ecd3c0f",
    "https://esm.sh/@supabase/supabase-js@2.110.0": "b99c0ce7729f9de7797f836b93ab9ec94f1cfe079b4f937fa4144fe13525e979",
    "https://esm.sh/@supabase/supabase-js@2.110.0/denonext/supabase-js.mjs": "eb573f7b15e0522ac34f4fa0a02011bc237dade5b71946aafb19d375ed8f278b",
    "https://esm.sh/@supabase/supabase-js@2.38.4": "039569070c2e83c292b347c39879a10e76aac6079c166f2e2677453a7799e933",
    "https://esm.sh/@supabase/supabase-js@2.38.4/denonext/supabase-js.mjs": "c9a6b6de54aa47e98b836b90dd0f7dd292afc990762b2c84e77aca92e94d05ba",
    "https://esm.sh/dayjs@1.11.10": "ee76df45dea7bec0217949e9d6d04dbff2d33587bd12648439dceeabe7b3c9f4",
    "https://esm.sh/dayjs@1.11.10/denonext/dayjs.mjs": "9292c477fbdc741e526edf8ab0c9b5422010eff368ec1f123720d75d0e876984",
    "https://esm.sh/dayjs@1.11.10/denonext/plugin/customParseFormat.mjs": "512014ab82112017a60814c511758f978b0952f2c33246f8b9abc6ad6fb83d24",
    "https://esm.sh/dayjs@1.11.10/plugin/customParseFormat": "a42101f52fe42371fa548626c9888cc8276ba25a68eb72d9a6d8504f813363d5",
    "https://esm.sh/iceberg-js@0.8.1/denonext/iceberg-js.mjs": "d839d81a2e3966500ca2cdd0c1cb458e9608bacfc91f7bb67a69b2e878dcdb4f",
    "https://esm.sh/iceberg-js@0.8.1?target=denonext": "58c849d7fe2bf4eca4a84eb501e83c161a7d8c34ca1bec15a962b3bec3062633",
    "https://esm.sh/pako@1.0.11/denonext/pako.mjs": "4895feb3e2441ef725da4052a5dc93d219d065fef1decc4452bb9b7ee1477c0d",
    "https://esm.sh/pako@1.0.11?target=denonext": "bc43f66ed245d58d468bf9867b3e9080c5b0590b4c14038ea308954490e0b2ea",
    "https://esm.sh/papaparse@5.4.1": "219ba0c48cb54e9dff897b36f769042c63a965083bcde16e0a06e11fbd22c185",
    "https://esm.sh/papaparse@5.4.1/denonext/papaparse.mjs": "3e14449cfdc824b87de9fd9d08e85576b5677b6dce8dad28a6d7fcb938e9341b",
    "https://esm.sh/pdf-lib@1.17.1": "cf7c5527829cb9bbb3aa20d339c530067441c10eb98880360aea9e77c3c87ff8",
    "https://esm.sh/pdf-lib@1.17.1/denonext/es/core/annotation.mjs": "9fea26c9d06ec825c6bde7f498361fa4cf91cfa7f6c67c362c96edb812fe4619",
    "https://esm.sh/pdf-lib@1.17.1/denonext/es/utils.mjs": "cf96c5836fdd5f60eeccd53603c87b52c43c11c8b99e85f79f586be58a59f4d1",
    "https://esm.sh/pdf-lib@1.17.1/denonext/es/utils/index.mjs": "34773d399ffdacd2972f527377d293aa3bff9d3a0d31d48d956a00c9c0c32329",
    "https://esm.sh/pdf-lib@1.17.1/denonext/pdf-lib.mjs": "3be07aa3466e0e9eee79730a775211d6bb8547c0cb9d203c09dde6feca1dc559",
    "https://esm.sh/posthog-node@5.51.5": "e349f6210db0c1a2c2f0c890c8964f3835a8d5bf70a1f4dc1debaadee5813cb4",
    "https://esm.sh/posthog-node@5.51.5/denonext/dist/client.mjs": "bf90298b7eeaa9ece94d87ea42e0c7e879a296a63d02afea588583c2f1637e65",
    "https://esm.sh/posthog-node@5.51.5/denonext/dist/exports.mjs": "43ad4e3b6231c25069ed4ea3fb06ea477b6c6474a7816bbf764b897d4c0b007c",
    "https://esm.sh/posthog-node@5.51.5/denonext/dist/extensions/error-tracking/index.mjs": "f23e43abb6846df647c1976bdb98ba1de1b8b8d59b7ca7563ce7e389d3735feb",
    "https://esm.sh/posthog-node@5.51.5/denonext/dist/extensions/tracing-headers.mjs": "1cae4508202b0898f9a1e645488ad70d84c00c9d06066fd8d40b13b91322dd6f",
    "https://esm.sh/posthog-node@5.51.5/denonext/dist/extensions/url-utils.mjs": "d155a5f31d8a9f8a459d2e594812b3f71b672f6ead5113eeba2e86feae4f0cb1",
    "https://esm.sh/posthog-node@5.51.5/denonext/dist/feature-flag-evaluations.mjs": "846ef3416ff8a1b130d389c2260321af4eee0806e06a4882bd23b42c03a9b93f",
    "https://esm.sh/posthog-node@5.51.5/denonext/dist/types.mjs": "68c237cf64d9554767d41e58d3d2749d1642e05f1c664f580abead5c0bb655d7",
    "https://esm.sh/posthog-node@5.51.5/denonext/posthog-node.mjs": "b806e10c755d80f833f83220fbdd406c96eceeca6dacba36687fef7b81f88e38",
    "https://esm.sh/tr46@0.0.3/denonext/tr46.mjs": "5753ec0a99414f4055f0c1f97691100f13d88e48a8443b00aebb90a512785fa2",
    "https://esm.sh/tr46@0.0.3?target=denonext": "19cb9be0f0d418a0c3abb81f2df31f080e9540a04e43b0f699bce1149cba0cbb",
    "https://esm.sh/tslib@1.14.1/denonext/tslib.mjs": "748739307d67fbaa8ae634eed70715714dd1f54f04fe8635bcb7f72cb0aaed62",
    "https://esm.sh/tslib@1.14.1?target=denonext": "2982231d9e09e6f007540c7a24c12a7cccb0e84ca98df2ad86ff2bdca1c0fa35",
    "https://esm.sh/tslib@2.8.1/denonext/tslib.mjs": "c38da5dd6da6281964435002ce204cd586634fe3bdfb24a0ee116f48cf3292e9",
    "https://esm.sh/webidl-conversions@3.0.1/denonext/webidl-conversions.mjs": "238cd0743827707cbc1c2d7c2cf1027dbc536fb53ec9a3fde0ff8026a3ac5385",
    "https://esm.sh/webidl-conversions@3.0.1?target=denonext": "4e20318d50528084616c79d7b3f6e7f0fe7b6d09013bd01b3974d7448d767e29",
    "https://esm.sh/whatwg-url@5.0.0/denonext/whatwg-url.mjs": "29b16d74ee72624c915745bbd25b617cfd2248c6af0f5120d131e232a9a9af79",
    "https://esm.sh/whatwg-url@5.0.0?target=denonext": "f001a2cadf81312d214ca330033f474e74d81a003e21e8c5d70a1f46dc97b02d"
  },
  "workspace": {
    "packageJson": {
      "dependencies": [
        "npm:@commitlint/cli@^19.8.0",
        "npm:@commitlint/config-conventional@^19.8.0",
        "npm:@commitlint/types@^19.8.0",
        "npm:@playwright/cli@~0.1.17",
        "npm:@playwright/test@^1.62.1",
        "npm:@supabase/supabase-js@^2.49.1",
        "npm:chrome-launcher@^1.2.1",
        "npm:concurrently@^8.2.2",
        "npm:husky@^9.1.7",
        "npm:knip@^6.35.1",
        "npm:lighthouse@^13.4.1",
        "npm:lint-staged@^15.5.0",
        "npm:prettier-plugin-tailwindcss@~0.6.11",
        "npm:prettier@^3.5.3",
        "npm:sharp@~0.35.4"
      ],
      "overrides": {
        "react": "19.2.4",
        "react-dom": "19.2.4",
        "@types/react": "19.2.17",
        "@types/react-dom": "19.2.3"
      }
    },
    "members": {
      "ui": {
        "packageJson": {
          "dependencies": [
            "npm:@blueprintjs/core@5.19.0",
            "npm:@blueprintjs/icons@^5.23.0",
            "npm:@dnd-kit/core@^6.3.1",
            "npm:@dnd-kit/sortable@10",
            "npm:@dnd-kit/utilities@^3.2.2",
            "npm:@eslint/eslintrc@^3.3.1",
            "npm:@eslint/js@^9.24.0",
            "npm:@googlemaps/js-api-loader@^2.1.1",
            "npm:@hookform/resolvers@^3.3.2",
            "npm:@posthog/react@^1.10.5",
            "npm:@posthog/rollup-plugin@^1.5.1",
            "npm:@radix-ui/react-alert-dialog@^1.1.19",
            "npm:@radix-ui/react-avatar@^1.2.1",
            "npm:@radix-ui/react-checkbox@^1.3.6",
            "npm:@radix-ui/react-collapsible@^1.1.12",
            "npm:@radix-ui/react-dialog@^1.1.15",
            "npm:@radix-ui/react-dropdown-menu@^2.1.19",
            "npm:@radix-ui/react-label@^2.0.2",
            "npm:@radix-ui/react-popover@^1.1.15",
            "npm:@radix-ui/react-progress@^1.1.12",
            "npm:@radix-ui/react-radio-group@^1.4.3",
            "npm:@radix-ui/react-scroll-area@^1.2.14",
            "npm:@radix-ui/react-select@2",
            "npm:@radix-ui/react-separator@^1.1.11",
            "npm:@radix-ui/react-slot@^1.0.2",
            "npm:@radix-ui/react-tabs@^1.1.17",
            "npm:@radix-ui/react-tooltip@^1.2.11",
            "npm:@remotion/player@^4.0.501",
            "npm:@remotion/transitions@^4.0.501",
            "npm:@remotion/web-renderer@^4.0.501",
            "npm:@supabase/supabase-js@^2.104.0",
            "npm:@tailwindcss/container-queries@~0.1.1",
            "npm:@tanstack/query-async-storage-persister@^5.99.2",
            "npm:@tanstack/query-persist-client-core@^5.102.8",
            "npm:@tanstack/react-query-persist-client@^5.99.2",
            "npm:@tanstack/react-query@^5.102.8",
            "npm:@tanstack/react-virtual@^3.14.11",
            "npm:@tiptap/core@^3.27.1",
            "npm:@tiptap/extension-image@^3.27.1",
            "npm:@tiptap/extension-link@^3.27.1",
            "npm:@tiptap/extension-placeholder@^3.27.1",
            "npm:@tiptap/extension-text-align@^3.27.1",
            "npm:@tiptap/extension-underline@^3.27.1",
            "npm:@tiptap/pm@^3.27.1",
            "npm:@tiptap/react@^3.27.1",
            "npm:@tiptap/starter-kit@^3.27.1",
            "npm:@types/google.maps@^3.65.2",
            "npm:@types/node@^20.9.4",
            "npm:@types/react-dom@19.2.3",
            "npm:@types/react@19.2.17",
            "npm:@typescript-eslint/eslint-plugin@^6.10.0",
            "npm:@typescript-eslint/parser@^6.10.0",
            "npm:@vitejs/plugin-react@^4.0.3",
            "npm:autoprefixer@^10.4.16",
            "npm:browser-image-compression@^2.0.2",
            "npm:class-variance-authority@0.7",
            "npm:clsx@2",
            "npm:cmdk@^1.1.1",
            "npm:date-fns@^2.30.0",
            "npm:dayjs@^1.11.13",
            "npm:embla-carousel-react@^8.6.0",
            "npm:eslint-plugin-import@^2.31.0",
            "npm:eslint-plugin-react-hooks@^4.6.0",
            "npm:eslint-plugin-react-refresh@~0.4.4",
            "npm:eslint-plugin-unicorn@56",
            "npm:eslint@^8.53.0",
            "npm:fabric@^7.4.0",
            "npm:framer-motion@^12.42.2",
            "npm:html-to-image@^1.11.13",
            "npm:idb-keyval@^6.2.1",
            "npm:idb@^8.0.3",
            "npm:immer@^11.1.18",
            "npm:jspdf-autotable@^5.0.8",
            "npm:jspdf@^4.2.1",
            "npm:konva@^10.3.0",
            "npm:lucide-react@0.294",
            "npm:mobx-react-lite@^4.1.0",
            "npm:mobx-state-tree@^7.0.2",
            "npm:openpolotno@^1.0.2",
            "npm:pdf-lib@^1.17.1",
            "npm:pdfjs-dist@^4.10.38",
            "npm:postcss-import@^16.1.1",
            "npm:postcss@^8.4.31",
            "npm:posthog-js@^1.423.0",
            "npm:react-day-picker@^9.11.1",
            "npm:react-dom@19.2.4",
            "npm:react-hook-form@^7.48.2",
            "npm:react-router-dom@^6.29.0",
            "npm:react-zoom-pan-pinch@^3.7.0",
            "npm:react@19.2.4",
            "npm:recharts@^2.15.0",
            "npm:remotion@^4.0.501",
            "npm:sonner@^2.0.7",
            "npm:tailwind-merge@2",
            "npm:tailwindcss-animate@^1.0.7",
            "npm:tailwindcss@^3.3.5",
            "npm:typescript@^5.0.2",
            "npm:vite-plugin-pwa@^1.3.0",
            "npm:vite@^4.4.5",
            "npm:vitest@^1.6.0",
            "npm:workbox-cacheable-response@^7.4.1",
            "npm:workbox-expiration@^7.4.1",
            "npm:workbox-precaching@^7.4.1",
            "npm:workbox-routing@^7.4.1",
            "npm:workbox-strategies@^7.4.1",
            "npm:workbox-window@^7.4.1",
            "npm:zod@^3.22.4",
            "npm:zustand@^5.0.14"
          ]
        }
      }
    }
  }
}
